
Microsoft Visual Studio Solution File, Format Version 12.00
# Visual Studio 15
VisualStudioVersion = 15.0.27130.2027
MinimumVisualStudioVersion = 10.0.40219.1
Project("{FAE04EC0-301F-11D3-BF4B-00C04F79EFBC}") = "Form2", "Form2\Form2.csproj", "{37561781-EA32-4280-8C64-75313D0B3ED2}"
EndProject
Global
	GlobalSection(SolutionConfigurationPlatforms) = preSolution
		Debug|Any CPU = Debug|Any CPU
		Release|Any CPU = Release|Any CPU
	EndGlobalSection
	GlobalSection(ProjectConfigurationPlatforms) = postSolution
		{37561781-EA32-4280-8C64-75313D0B3ED2}.Debug|Any CPU.ActiveCfg = Debug|Any CPU
		{37561781-EA32-4280-8C64-75313D0B3ED2}.Debug|Any CPU.Build.0 = Debug|Any CPU
		{37561781-EA32-4280-8C64-75313D0B3ED2}.Release|Any CPU.ActiveCfg = Release|Any CPU
		{37561781-EA32-4280-8C64-75313D0B3ED2}.Release|Any CPU.Build.0 = Release|Any CPU
	EndGlobalSection
	GlobalSection(SolutionProperties) = preSolution
		HideSolutionNode = FALSE
	EndGlobalSection
	GlobalSection(ExtensibilityGlobals) = postSolution
		SolutionGuid = {BB344BDE-DE4B-46E4-AC4D-9538B4E87D50}
	EndGlobalSection
EndGlobal
